
Microsoft Visual Studio Solution File, Format Version 12.00
# Visual Studio Version 17
VisualStudioVersion = 17.3.32519.111
MinimumVisualStudioVersion = 10.0.40219.1
Project("{FAE04EC0-301F-11D3-BF4B-00C04F79EFBC}") = "salomaoAula6-Desafio", "salomaoAula6-Desafio\salomaoAula6-Desafio.csproj", "{FD4ED719-7D41-4CAC-AD63-8C77A50143F7}"
EndProject
Project("{FAE04EC0-301F-11D3-BF4B-00C04F79EFBC}") = "salomaoAula6-Mesa", "salomaoAula6-Mesa\salomaoAula6-Mesa.csproj", "{F9B55F80-8DA9-4D1E-8AD4-317D544D3D2E}"
EndProject
Global
	GlobalSection(SolutionConfigurationPlatforms) = preSolution
		Debug|Any CPU = Debug|Any CPU
		Release|Any CPU = Release|Any CPU
	EndGlobalSection
	GlobalSection(ProjectConfigurationPlatforms) = postSolution
		{FD4ED719-7D41-4CAC-AD63-8C77A50143F7}.Debug|Any CPU.ActiveCfg = Debug|Any CPU
		{FD4ED719-7D41-4CAC-AD63-8C77A50143F7}.Debug|Any CPU.Build.0 = Debug|Any CPU
		{FD4ED719-7D41-4CAC-AD63-8C77A50143F7}.Release|Any CPU.ActiveCfg = Release|Any CPU
		{FD4ED719-7D41-4CAC-AD63-8C77A50143F7}.Release|Any CPU.Build.0 = Release|Any CPU
		{F9B55F80-8DA9-4D1E-8AD4-317D544D3D2E}.Debug|Any CPU.ActiveCfg = Debug|Any CPU
		{F9B55F80-8DA9-4D1E-8AD4-317D544D3D2E}.Debug|Any CPU.Build.0 = Debug|Any CPU
		{F9B55F80-8DA9-4D1E-8AD4-317D544D3D2E}.Release|Any CPU.ActiveCfg = Release|Any CPU
		{F9B55F80-8DA9-4D1E-8AD4-317D544D3D2E}.Release|Any CPU.Build.0 = Release|Any CPU
	EndGlobalSection
	GlobalSection(SolutionProperties) = preSolution
		HideSolutionNode = FALSE
	EndGlobalSection
	GlobalSection(ExtensibilityGlobals) = postSolution
		SolutionGuid = {877DAEC9-CC2A-49E4-93FC-6BF40D3B53B0}
	EndGlobalSection
EndGlobal
